
Microsoft Visual Studio Solution File, Format Version 12.00
# Visual Studio Version 17
VisualStudioVersion = 17.1.32210.238
MinimumVisualStudioVersion = 10.0.40219.1
Project("{FAE04EC0-301F-11D3-BF4B-00C04F79EFBC}") = "stackcalculator", "stackcalculator\stackcalculator.csproj", "{55AF4823-7683-41F4-9E95-AC98BB1ECF4B}"
EndProject
Global
	GlobalSection(SolutionConfigurationPlatforms) = preSolution
		Debug|Any CPU = Debug|Any CPU
		Release|Any CPU = Release|Any CPU
	EndGlobalSection
	GlobalSection(ProjectConfigurationPlatforms) = postSolution
		{55AF4823-7683-41F4-9E95-AC98BB1ECF4B}.Debug|Any CPU.ActiveCfg = Debug|Any CPU
		{55AF4823-7683-41F4-9E95-AC98BB1ECF4B}.Debug|Any CPU.Build.0 = Debug|Any CPU
		{55AF4823-7683-41F4-9E95-AC98BB1ECF4B}.Release|Any CPU.ActiveCfg = Release|Any CPU
		{55AF4823-7683-41F4-9E95-AC98BB1ECF4B}.Release|Any CPU.Build.0 = Release|Any CPU
	EndGlobalSection
	GlobalSection(SolutionProperties) = preSolution
		HideSolutionNode = FALSE
	EndGlobalSection
	GlobalSection(ExtensibilityGlobals) = postSolution
		SolutionGuid = {6032DF35-D4EA-43FB-A9F4-3632D2A0F34B}
	EndGlobalSection
EndGlobal
